
Microsoft Visual Studio Solution File, Format Version 11.00
# Visual Studio 2010
# SharpDevelop 4.3
Project("{FAE04EC0-301F-11D3-BF4B-00C04F79EFBC}") = "JASIG-CAS-Samples", "JASIG-CAS-Samples\JASIG-CAS-Samples.csproj", "{F1465195-1BA5-45C3-AA76-BDC9BA48A598}"
EndProject
Project("{FAE04EC0-301F-11D3-BF4B-00C04F79EFBC}") = "ASP-WEBFORM", "ASP-WEBFORM\ASP-WEBFORM.csproj", "{428313BE-2174-4094-9FAB-871550D4879E}"
EndProject
Global
	GlobalSection(SolutionConfigurationPlatforms) = preSolution
		Debug|Any CPU = Debug|Any CPU
		Release|Any CPU = Release|Any CPU
	EndGlobalSection
	GlobalSection(ProjectConfigurationPlatforms) = postSolution
		{F1465195-1BA5-45C3-AA76-BDC9BA48A598}.Debug|Any CPU.Build.0 = Debug|Any CPU
		{F1465195-1BA5-45C3-AA76-BDC9BA48A598}.Debug|Any CPU.ActiveCfg = Debug|Any CPU
		{F1465195-1BA5-45C3-AA76-BDC9BA48A598}.Release|Any CPU.Build.0 = Release|Any CPU
		{F1465195-1BA5-45C3-AA76-BDC9BA48A598}.Release|Any CPU.ActiveCfg = Release|Any CPU
		{428313BE-2174-4094-9FAB-871550D4879E}.Debug|Any CPU.Build.0 = Debug|Any CPU
		{428313BE-2174-4094-9FAB-871550D4879E}.Debug|Any CPU.ActiveCfg = Debug|Any CPU
		{428313BE-2174-4094-9FAB-871550D4879E}.Release|Any CPU.Build.0 = Release|Any CPU
		{428313BE-2174-4094-9FAB-871550D4879E}.Release|Any CPU.ActiveCfg = Release|Any CPU
	EndGlobalSection
EndGlobal
